
Microsoft Visual Studio Solution File, Format Version 12.00
# Visual Studio Version 17
VisualStudioVersion = 17.11.34929.205
MinimumVisualStudioVersion = 10.0.40219.1
Project("{FAE04EC0-301F-11D3-BF4B-00C04F79EFBC}") = "HTTP_Fifth_hw", "HTTP_Fifth_hw\HTTP_Fifth_hw.csproj", "{80F1E16F-4714-4E6B-A8C7-FD98CD89D326}"
EndProject
Global
	GlobalSection(SolutionConfigurationPlatforms) = preSolution
		Debug|Any CPU = Debug|Any CPU
		Release|Any CPU = Release|Any CPU
	EndGlobalSection
	GlobalSection(ProjectConfigurationPlatforms) = postSolution
		{80F1E16F-4714-4E6B-A8C7-FD98CD89D326}.Debug|Any CPU.ActiveCfg = Debug|Any CPU
		{80F1E16F-4714-4E6B-A8C7-FD98CD89D326}.Debug|Any CPU.Build.0 = Debug|Any CPU
		{80F1E16F-4714-4E6B-A8C7-FD98CD89D326}.Release|Any CPU.ActiveCfg = Release|Any CPU
		{80F1E16F-4714-4E6B-A8C7-FD98CD89D326}.Release|Any CPU.Build.0 = Release|Any CPU
	EndGlobalSection
	GlobalSection(SolutionProperties) = preSolution
		HideSolutionNode = FALSE
	EndGlobalSection
	GlobalSection(ExtensibilityGlobals) = postSolution
		SolutionGuid = {7E33AB6B-2506-4509-B15E-59C7B115CA72}
	EndGlobalSection
EndGlobal
